// !$*UTF8*$!
{
	archiveVersion = 1;
	classes = {
	};
	objectVersion = 56;
	objects = {

/* Begin PBXBuildFile section */
		2A62FAA92C889AB5009B1333 /* SallaPOCApp.swift in Sources */ = {isa = PBXBuildFile; fileRef = 2A62FAA82C889AB5009B1333 /* SallaPOCApp.swift */; };
		2A62FAAB2C889AB5009B1333 /* ContentView.swift in Sources */ = {isa = PBXBuildFile; fileRef = 2A62FAAA2C889AB5009B1333 /* ContentView.swift */; };
		2A62FAAD2C889AB7009B1333 /* Assets.xcassets in Resources */ = {isa = PBXBuildFile; fileRef = 2A62FAAC2C889AB7009B1333 /* Assets.xcassets */; };
		2A62FAB02C889AB7009B1333 /* Preview Assets.xcassets in Resources */ = {isa = PBXBuildFile; fileRef = 2A62FAAF2C889AB7009B1333 /* Preview Assets.xcassets */; };
		2A62FABA2C889AB7009B1333 /* SallaPOCTests.swift in Sources */ = {isa = PBXBuildFile; fileRef = 2A62FAB92C889AB7009B1333 /* SallaPOCTests.swift */; };
		2A62FAC42C889AB7009B1333 /* SallaPOCUITests.swift in Sources */ = {isa = PBXBuildFile; fileRef = 2A62FAC32C889AB7009B1333 /* SallaPOCUITests.swift */; };
		2A62FAC62C889AB7009B1333 /* SallaPOCUITestsLaunchTests.swift in Sources */ = {isa = PBXBuildFile; fileRef = 2A62FAC52C889AB7009B1333 /* SallaPOCUITestsLaunchTests.swift */; };
		2A99B2A32C88A03F0017F927 /* Alamofire in Frameworks */ = {isa = PBXBuildFile; productRef = 2A99B2A22C88A03F0017F927 /* Alamofire */; };
		2A99B2A52C88A0840017F927 /* NetworkManager.swift in Sources */ = {isa = PBXBuildFile; fileRef = 2A99B2A42C88A0840017F927 /* NetworkManager.swift */; };
		2A99B2A62C88A0840017F927 /* NetworkManager.swift in Sources */ = {isa = PBXBuildFile; fileRef = 2A99B2A42C88A0840017F927 /* NetworkManager.swift */; };
		2A99B2A82C88AAE50017F927 /* BrandsSwiftUIView.swift in Sources */ = {isa = PBXBuildFile; fileRef = 2A99B2A72C88AAE50017F927 /* BrandsSwiftUIView.swift */; };
		2A99B2A92C88AAE50017F927 /* BrandsSwiftUIView.swift in Sources */ = {isa = PBXBuildFile; fileRef = 2A99B2A72C88AAE50017F927 /* BrandsSwiftUIView.swift */; };
		2A99B2AB2C88ABEE0017F927 /* BrandsImagesScrollView.swift in Sources */ = {isa = PBXBuildFile; fileRef = 2A99B2AA2C88ABEE0017F927 /* BrandsImagesScrollView.swift */; };
		2A99B2AC2C88ABEE0017F927 /* BrandsImagesScrollView.swift in Sources */ = {isa = PBXBuildFile; fileRef = 2A99B2AA2C88ABEE0017F927 /* BrandsImagesScrollView.swift */; };
		2A99B2AF2C88AC650017F927 /* BrandLogoSwiftUIView.swift in Sources */ = {isa = PBXBuildFile; fileRef = 2A99B2AE2C88AC650017F927 /* BrandLogoSwiftUIView.swift */; };
		2A99B2B02C88AC650017F927 /* BrandLogoSwiftUIView.swift in Sources */ = {isa = PBXBuildFile; fileRef = 2A99B2AE2C88AC650017F927 /* BrandLogoSwiftUIView.swift */; };
		2A99B2B42C88ACD50017F927 /* Developers.json in Resources */ = {isa = PBXBuildFile; fileRef = 2A99B2B12C88ACD50017F927 /* Developers.json */; };
		2A99B2B52C88ACD50017F927 /* Developers.json in Resources */ = {isa = PBXBuildFile; fileRef = 2A99B2B12C88ACD50017F927 /* Developers.json */; };
		2A99B2B62C88ACD50017F927 /* Developers.json in Resources */ = {isa = PBXBuildFile; fileRef = 2A99B2B12C88ACD50017F927 /* Developers.json */; };
		2A99B2B72C88ACD50017F927 /* Estedad-Medium.ttf in Resources */ = {isa = PBXBuildFile; fileRef = 2A99B2B22C88ACD50017F927 /* Estedad-Medium.ttf */; };
		2A99B2B82C88ACD50017F927 /* Estedad-Medium.ttf in Resources */ = {isa = PBXBuildFile; fileRef = 2A99B2B22C88ACD50017F927 /* Estedad-Medium.ttf */; };
		2A99B2B92C88ACD50017F927 /* Estedad-Medium.ttf in Resources */ = {isa = PBXBuildFile; fileRef = 2A99B2B22C88ACD50017F927 /* Estedad-Medium.ttf */; };
		2A99B2BA2C88ACD50017F927 /* DINNextLTArabic-Regular.ttf in Resources */ = {isa = PBXBuildFile; fileRef = 2A99B2B32C88ACD50017F927 /* DINNextLTArabic-Regular.ttf */; };
		2A99B2BB2C88ACD50017F927 /* DINNextLTArabic-Regular.ttf in Resources */ = {isa = PBXBuildFile; fileRef = 2A99B2B32C88ACD50017F927 /* DINNextLTArabic-Regular.ttf */; };
		2A99B2BC2C88ACD50017F927 /* DINNextLTArabic-Regular.ttf in Resources */ = {isa = PBXBuildFile; fileRef = 2A99B2B32C88ACD50017F927 /* DINNextLTArabic-Regular.ttf */; };
		2A99B2BE2C88AEEB0017F927 /* BrandsItemsSwiftUIView.swift in Sources */ = {isa = PBXBuildFile; fileRef = 2A99B2BD2C88AEEB0017F927 /* BrandsItemsSwiftUIView.swift */; };
		2A99B2BF2C88AEEB0017F927 /* BrandsItemsSwiftUIView.swift in Sources */ = {isa = PBXBuildFile; fileRef = 2A99B2BD2C88AEEB0017F927 /* BrandsItemsSwiftUIView.swift */; };
		2A99B2C02C88AEEB0017F927 /* BrandsItemsSwiftUIView.swift in Sources */ = {isa = PBXBuildFile; fileRef = 2A99B2BD2C88AEEB0017F927 /* BrandsItemsSwiftUIView.swift */; };
		2A99B2C32C88AF890017F927 /* ItemSwiftUIView.swift in Sources */ = {isa = PBXBuildFile; fileRef = 2A99B2C22C88AF890017F927 /* ItemSwiftUIView.swift */; };
		2A99B2C42C88AF890017F927 /* ItemSwiftUIView.swift in Sources */ = {isa = PBXBuildFile; fileRef = 2A99B2C22C88AF890017F927 /* ItemSwiftUIView.swift */; };
		2A99B2C52C88AF890017F927 /* ItemSwiftUIView.swift in Sources */ = {isa = PBXBuildFile; fileRef = 2A99B2C22C88AF890017F927 /* ItemSwiftUIView.swift */; };
		2A99B2C72C88B07C0017F927 /* ItemDetailsSwiftUIView.swift in Sources */ = {isa = PBXBuildFile; fileRef = 2A99B2C62C88B07C0017F927 /* ItemDetailsSwiftUIView.swift */; };
		2A99B2C82C88B07C0017F927 /* ItemDetailsSwiftUIView.swift in Sources */ = {isa = PBXBuildFile; fileRef = 2A99B2C62C88B07C0017F927 /* ItemDetailsSwiftUIView.swift */; };
		2A99B2C92C88B07C0017F927 /* ItemDetailsSwiftUIView.swift in Sources */ = {isa = PBXBuildFile; fileRef = 2A99B2C62C88B07C0017F927 /* ItemDetailsSwiftUIView.swift */; };
		2A99B2CD2C88C3610017F927 /* ProductOperations.swift in Sources */ = {isa = PBXBuildFile; fileRef = 2A99B2CC2C88C3610017F927 /* ProductOperations.swift */; };
		2A99B2CE2C88C3610017F927 /* ProductOperations.swift in Sources */ = {isa = PBXBuildFile; fileRef = 2A99B2CC2C88C3610017F927 /* ProductOperations.swift */; };
		2A99B2CF2C88C3610017F927 /* ProductOperations.swift in Sources */ = {isa = PBXBuildFile; fileRef = 2A99B2CC2C88C3610017F927 /* ProductOperations.swift */; };
		2A99B2D22C88C43F0017F927 /* SallaApi.swift in Sources */ = {isa = PBXBuildFile; fileRef = 2A99B2D12C88C43F0017F927 /* SallaApi.swift */; };
		2A99B2D32C88C43F0017F927 /* SallaApi.swift in Sources */ = {isa = PBXBuildFile; fileRef = 2A99B2D12C88C43F0017F927 /* SallaApi.swift */; };
		2A99B2D42C88C43F0017F927 /* SallaApi.swift in Sources */ = {isa = PBXBuildFile; fileRef = 2A99B2D12C88C43F0017F927 /* SallaApi.swift */; };
		2A99B2D52C890B540017F927 /* NetworkManager.swift in Sources */ = {isa = PBXBuildFile; fileRef = 2A99B2A42C88A0840017F927 /* NetworkManager.swift */; };
		2A99B2D72C891FA80017F927 /* BrandModel.swift in Sources */ = {isa = PBXBuildFile; fileRef = 2A99B2D62C891FA80017F927 /* BrandModel.swift */; };
		2A99B2D82C891FA80017F927 /* BrandModel.swift in Sources */ = {isa = PBXBuildFile; fileRef = 2A99B2D62C891FA80017F927 /* BrandModel.swift */; };
		2A99B2D92C891FA80017F927 /* BrandModel.swift in Sources */ = {isa = PBXBuildFile; fileRef = 2A99B2D62C891FA80017F927 /* BrandModel.swift */; };
		2A99B2DB2C89215C0017F927 /* ProductViewModel.swift in Sources */ = {isa = PBXBuildFile; fileRef = 2A99B2DA2C89215C0017F927 /* ProductViewModel.swift */; };
		2A99B2DC2C89215C0017F927 /* ProductViewModel.swift in Sources */ = {isa = PBXBuildFile; fileRef = 2A99B2DA2C89215C0017F927 /* ProductViewModel.swift */; };
		2A99B2DD2C89215C0017F927 /* ProductViewModel.swift in Sources */ = {isa = PBXBuildFile; fileRef = 2A99B2DA2C89215C0017F927 /* ProductViewModel.swift */; };
		2A99B2E12C8B3FBF0017F927 /* BundleFileManager.swift in Sources */ = {isa = PBXBuildFile; fileRef = 2A99B2E02C8B3FBF0017F927 /* BundleFileManager.swift */; };
		2A99B2E22C8B3FBF0017F927 /* BundleFileManager.swift in Sources */ = {isa = PBXBuildFile; fileRef = 2A99B2E02C8B3FBF0017F927 /* BundleFileManager.swift */; };
		2A99B2E32C8B3FBF0017F927 /* BundleFileManager.swift in Sources */ = {isa = PBXBuildFile; fileRef = 2A99B2E02C8B3FBF0017F927 /* BundleFileManager.swift */; };
		2A99B2E52C8BBF3B0017F927 /* ColorExtension.swift in Sources */ = {isa = PBXBuildFile; fileRef = 2A99B2E42C8BBF3B0017F927 /* ColorExtension.swift */; };
		2A99B2E62C8BBF3B0017F927 /* ColorExtension.swift in Sources */ = {isa = PBXBuildFile; fileRef = 2A99B2E42C8BBF3B0017F927 /* ColorExtension.swift */; };
		2A99B2E72C8BBF3B0017F927 /* ColorExtension.swift in Sources */ = {isa = PBXBuildFile; fileRef = 2A99B2E42C8BBF3B0017F927 /* ColorExtension.swift */; };
		2A99B2EA2C8BDD1E0017F927 /* NetworkError.swift in Sources */ = {isa = PBXBuildFile; fileRef = 2A99B2E92C8BDD1E0017F927 /* NetworkError.swift */; };
		2A99B2EB2C8BDD1E0017F927 /* NetworkError.swift in Sources */ = {isa = PBXBuildFile; fileRef = 2A99B2E92C8BDD1E0017F927 /* NetworkError.swift */; };
		2A99B2EC2C8BDD1E0017F927 /* NetworkError.swift in Sources */ = {isa = PBXBuildFile; fileRef = 2A99B2E92C8BDD1E0017F927 /* NetworkError.swift */; };
/* End PBXBuildFile section */

/* Begin PBXContainerItemProxy section */
		2A62FAB62C889AB7009B1333 /* PBXContainerItemProxy */ = {
			isa = PBXContainerItemProxy;
			containerPortal = 2A62FA9D2C889AB4009B1333 /* Project object */;
			proxyType = 1;
			remoteGlobalIDString = 2A62FAA42C889AB5009B1333;
			remoteInfo = SallaPOC;
		};
		2A62FAC02C889AB7009B1333 /* PBXContainerItemProxy */ = {
			isa = PBXContainerItemProxy;
			containerPortal = 2A62FA9D2C889AB4009B1333 /* Project object */;
			proxyType = 1;
			remoteGlobalIDString = 2A62FAA42C889AB5009B1333;
			remoteInfo = SallaPOC;
		};
/* End PBXContainerItemProxy section */

/* Begin PBXFileReference section */
		2A62FAA52C889AB5009B1333 /* SallaPOC.app */ = {isa = PBXFileReference; explicitFileType = wrapper.application; includeInIndex = 0; path = SallaPOC.app; sourceTree = BUILT_PRODUCTS_DIR; };
		2A62FAA82C889AB5009B1333 /* SallaPOCApp.swift */ = {isa = PBXFileReference; lastKnownFileType = sourcecode.swift; path = SallaPOCApp.swift; sourceTree = "<group>"; };
		2A62FAAA2C889AB5009B1333 /* ContentView.swift */ = {isa = PBXFileReference; lastKnownFileType = sourcecode.swift; path = ContentView.swift; sourceTree = "<group>"; };
		2A62FAAC2C889AB7009B1333 /* Assets.xcassets */ = {isa = PBXFileReference; lastKnownFileType = folder.assetcatalog; path = Assets.xcassets; sourceTree = "<group>"; };
		2A62FAAF2C889AB7009B1333 /* Preview Assets.xcassets */ = {isa = PBXFileReference; lastKnownFileType = folder.assetcatalog; path = "Preview Assets.xcassets"; sourceTree = "<group>"; };
		2A62FAB52C889AB7009B1333 /* SallaPOCTests.xctest */ = {isa = PBXFileReference; explicitFileType = wrapper.cfbundle; includeInIndex = 0; path = SallaPOCTests.xctest; sourceTree = BUILT_PRODUCTS_DIR; };
		2A62FAB92C889AB7009B1333 /* SallaPOCTests.swift */ = {isa = PBXFileReference; lastKnownFileType = sourcecode.swift; path = SallaPOCTests.swift; sourceTree = "<group>"; };
		2A62FABF2C889AB7009B1333 /* SallaPOCUITests.xctest */ = {isa = PBXFileReference; explicitFileType = wrapper.cfbundle; includeInIndex = 0; path = SallaPOCUITests.xctest; sourceTree = BUILT_PRODUCTS_DIR; };
		2A62FAC32C889AB7009B1333 /* SallaPOCUITests.swift */ = {isa = PBXFileReference; lastKnownFileType = sourcecode.swift; path = SallaPOCUITests.swift; sourceTree = "<group>"; };
		2A62FAC52C889AB7009B1333 /* SallaPOCUITestsLaunchTests.swift */ = {isa = PBXFileReference; lastKnownFileType = sourcecode.swift; path = SallaPOCUITestsLaunchTests.swift; sourceTree = "<group>"; };
		2A99B2A42C88A0840017F927 /* NetworkManager.swift */ = {isa = PBXFileReference; lastKnownFileType = sourcecode.swift; path = NetworkManager.swift; sourceTree = "<group>"; };
		2A99B2A72C88AAE50017F927 /* BrandsSwiftUIView.swift */ = {isa = PBXFileReference; lastKnownFileType = sourcecode.swift; path = BrandsSwiftUIView.swift; sourceTree = "<group>"; };
		2A99B2AA2C88ABEE0017F927 /* BrandsImagesScrollView.swift */ = {isa = PBXFileReference; lastKnownFileType = sourcecode.swift; path = BrandsImagesScrollView.swift; sourceTree = "<group>"; };
		2A99B2AE2C88AC650017F927 /* BrandLogoSwiftUIView.swift */ = {isa = PBXFileReference; lastKnownFileType = sourcecode.swift; path = BrandLogoSwiftUIView.swift; sourceTree = "<group>"; };
		2A99B2B12C88ACD50017F927 /* Developers.json */ = {isa = PBXFileReference; fileEncoding = 4; lastKnownFileType = text.json; path = Developers.json; sourceTree = "<group>"; };
		2A99B2B22C88ACD50017F927 /* Estedad-Medium.ttf */ = {isa = PBXFileReference; lastKnownFileType = file; path = "Estedad-Medium.ttf"; sourceTree = "<group>"; };
		2A99B2B32C88ACD50017F927 /* DINNextLTArabic-Regular.ttf */ = {isa = PBXFileReference; lastKnownFileType = file; path = "DINNextLTArabic-Regular.ttf"; sourceTree = "<group>"; };
		2A99B2BD2C88AEEB0017F927 /* BrandsItemsSwiftUIView.swift */ = {isa = PBXFileReference; lastKnownFileType = sourcecode.swift; path = BrandsItemsSwiftUIView.swift; sourceTree = "<group>"; };
		2A99B2C22C88AF890017F927 /* ItemSwiftUIView.swift */ = {isa = PBXFileReference; lastKnownFileType = sourcecode.swift; path = ItemSwiftUIView.swift; sourceTree = "<group>"; };
		2A99B2C62C88B07C0017F927 /* ItemDetailsSwiftUIView.swift */ = {isa = PBXFileReference; lastKnownFileType = sourcecode.swift; path = ItemDetailsSwiftUIView.swift; sourceTree = "<group>"; };
		2A99B2CC2C88C3610017F927 /* ProductOperations.swift */ = {isa = PBXFileReference; lastKnownFileType = sourcecode.swift; path = ProductOperations.swift; sourceTree = "<group>"; };
		2A99B2D12C88C43F0017F927 /* SallaApi.swift */ = {isa = PBXFileReference; lastKnownFileType = sourcecode.swift; path = SallaApi.swift; sourceTree = "<group>"; };
		2A99B2D62C891FA80017F927 /* BrandModel.swift */ = {isa = PBXFileReference; lastKnownFileType = sourcecode.swift; path = BrandModel.swift; sourceTree = "<group>"; };
		2A99B2DA2C89215C0017F927 /* ProductViewModel.swift */ = {isa = PBXFileReference; lastKnownFileType = sourcecode.swift; path = ProductViewModel.swift; sourceTree = "<group>"; };
		2A99B2DE2C89267B0017F927 /* Info.plist */ = {isa = PBXFileReference; lastKnownFileType = text.plist; path = Info.plist; sourceTree = "<group>"; };
		2A99B2E02C8B3FBF0017F927 /* BundleFileManager.swift */ = {isa = PBXFileReference; lastKnownFileType = sourcecode.swift; path = BundleFileManager.swift; sourceTree = "<group>"; };
		2A99B2E42C8BBF3B0017F927 /* ColorExtension.swift */ = {isa = PBXFileReference; lastKnownFileType = sourcecode.swift; path = ColorExtension.swift; sourceTree = "<group>"; };
		2A99B2E92C8BDD1E0017F927 /* NetworkError.swift */ = {isa = PBXFileReference; lastKnownFileType = sourcecode.swift; path = NetworkError.swift; sourceTree = "<group>"; };
/* End PBXFileReference section */

/* Begin PBXFrameworksBuildPhase section */
		2A62FAA22C889AB5009B1333 /* Frameworks */ = {
			isa = PBXFrameworksBuildPhase;
			buildActionMask = 2147483647;
			files = (
				2A99B2A32C88A03F0017F927 /* Alamofire in Frameworks */,
			);
			runOnlyForDeploymentPostprocessing = 0;
		};
		2A62FAB22C889AB7009B1333 /* Frameworks */ = {
			isa = PBXFrameworksBuildPhase;
			buildActionMask = 2147483647;
			files = (
			);
			runOnlyForDeploymentPostprocessing = 0;
		};
		2A62FABC2C889AB7009B1333 /* Frameworks */ = {
			isa = PBXFrameworksBuildPhase;
			buildActionMask = 2147483647;
			files = (
			);
			runOnlyForDeploymentPostprocessing = 0;
		};
/* End PBXFrameworksBuildPhase section */

/* Begin PBXGroup section */
		2A62FA9C2C889AB4009B1333 = {
			isa = PBXGroup;
			children = (
				2A62FAA72C889AB5009B1333 /* SallaPOC */,
				2A62FAB82C889AB7009B1333 /* SallaPOCTests */,
				2A62FAC22C889AB7009B1333 /* SallaPOCUITests */,
				2A62FAA62C889AB5009B1333 /* Products */,
				2A99B2A12C88A0220017F927 /* Frameworks */,
			);
			sourceTree = "<group>";
		};
		2A62FAA62C889AB5009B1333 /* Products */ = {
			isa = PBXGroup;
			children = (
				2A62FAA52C889AB5009B1333 /* SallaPOC.app */,
				2A62FAB52C889AB7009B1333 /* SallaPOCTests.xctest */,
				2A62FABF2C889AB7009B1333 /* SallaPOCUITests.xctest */,
			);
			name = Products;
			sourceTree = "<group>";
		};
		2A62FAA72C889AB5009B1333 /* SallaPOC */ = {
			isa = PBXGroup;
			children = (
				2A99B2DE2C89267B0017F927 /* Info.plist */,
				2A62FAA82C889AB5009B1333 /* SallaPOCApp.swift */,
				2A62FAAA2C889AB5009B1333 /* ContentView.swift */,
				2A62FAAE2C889AB7009B1333 /* Preview Content */,
				2A99B29F2C889FB70017F927 /* Support Files */,
				2A99B29E2C889F8F0017F927 /* DB */,
				2A99B29D2C889F7C0017F927 /* Models */,
				2A99B29B2C889D7B0017F927 /* Controllers */,
				2A99B29A2C889D600017F927 /* Core Network */,
				2A99B29C2C889D8D0017F927 /* Utils */,
			);
			path = SallaPOC;
			sourceTree = "<group>";
		};
		2A62FAAE2C889AB7009B1333 /* Preview Content */ = {
			isa = PBXGroup;
			children = (
				2A62FAAF2C889AB7009B1333 /* Preview Assets.xcassets */,
			);
			path = "Preview Content";
			sourceTree = "<group>";
		};
		2A62FAB82C889AB7009B1333 /* SallaPOCTests */ = {
			isa = PBXGroup;
			children = (
				2A62FAB92C889AB7009B1333 /* SallaPOCTests.swift */,
			);
			path = SallaPOCTests;
			sourceTree = "<group>";
		};
		2A62FAC22C889AB7009B1333 /* SallaPOCUITests */ = {
			isa = PBXGroup;
			children = (
				2A62FAC32C889AB7009B1333 /* SallaPOCUITests.swift */,
				2A62FAC52C889AB7009B1333 /* SallaPOCUITestsLaunchTests.swift */,
			);
			path = SallaPOCUITests;
			sourceTree = "<group>";
		};
		2A99B29A2C889D600017F927 /* Core Network */ = {
			isa = PBXGroup;
			children = (
				2A99B2E92C8BDD1E0017F927 /* NetworkError.swift */,
				2A99B2A42C88A0840017F927 /* NetworkManager.swift */,
				2A99B2CA2C88C3140017F927 /* Routs */,
				2A99B2CB2C88C33A0017F927 /* ProductService */,
				2A99B2D02C88C3A70017F927 /* BrandService */,
			);
			path = "Core Network";
			sourceTree = "<group>";
		};
		2A99B29B2C889D7B0017F927 /* Controllers */ = {
			isa = PBXGroup;
			children = (
				2A99B2DF2C8B3EB40017F927 /* ModelView */,
				2A99B2C12C88AF440017F927 /* Views */,
			);
			path = Controllers;
			sourceTree = "<group>";
		};
		2A99B29C2C889D8D0017F927 /* Utils */ = {
			isa = PBXGroup;
			children = (
				2A99B2E02C8B3FBF0017F927 /* BundleFileManager.swift */,
				2A99B2E42C8BBF3B0017F927 /* ColorExtension.swift */,
			);
			path = Utils;
			sourceTree = "<group>";
		};
		2A99B29D2C889F7C0017F927 /* Models */ = {
			isa = PBXGroup;
			children = (
				2A99B2D62C891FA80017F927 /* BrandModel.swift */,
			);
			path = Models;
			sourceTree = "<group>";
		};
		2A99B29E2C889F8F0017F927 /* DB */ = {
			isa = PBXGroup;
			children = (
			);
			path = DB;
			sourceTree = "<group>";
		};
		2A99B29F2C889FB70017F927 /* Support Files */ = {
			isa = PBXGroup;
			children = (
				2A62FAAC2C889AB7009B1333 /* Assets.xcassets */,
				2A99B2B12C88ACD50017F927 /* Developers.json */,
				2A99B2B32C88ACD50017F927 /* DINNextLTArabic-Regular.ttf */,
				2A99B2B22C88ACD50017F927 /* Estedad-Medium.ttf */,
			);
			path = "Support Files";
			sourceTree = "<group>";
		};
		2A99B2A12C88A0220017F927 /* Frameworks */ = {
			isa = PBXGroup;
			children = (
			);
			name = Frameworks;
			sourceTree = "<group>";
		};
		2A99B2AD2C88AC070017F927 /* Brands */ = {
			isa = PBXGroup;
			children = (
				2A99B2A72C88AAE50017F927 /* BrandsSwiftUIView.swift */,
				2A99B2AA2C88ABEE0017F927 /* BrandsImagesScrollView.swift */,
				2A99B2AE2C88AC650017F927 /* BrandLogoSwiftUIView.swift */,
				2A99B2BD2C88AEEB0017F927 /* BrandsItemsSwiftUIView.swift */,
			);
			path = Brands;
			sourceTree = "<group>";
		};
		2A99B2C12C88AF440017F927 /* Views */ = {
			isa = PBXGroup;
			children = (
				2A99B2C62C88B07C0017F927 /* ItemDetailsSwiftUIView.swift */,
				2A99B2C22C88AF890017F927 /* ItemSwiftUIView.swift */,
				2A99B2AD2C88AC070017F927 /* Brands */,
			);
			path = Views;
			sourceTree = "<group>";
		};
		2A99B2CA2C88C3140017F927 /* Routs */ = {
			isa = PBXGroup;
			children = (
				2A99B2D12C88C43F0017F927 /* SallaApi.swift */,
			);
			path = Routs;
			sourceTree = "<group>";
		};
		2A99B2CB2C88C33A0017F927 /* ProductService */ = {
			isa = PBXGroup;
			children = (
				2A99B2CC2C88C3610017F927 /* ProductOperations.swift */,
			);
			path = ProductService;
			sourceTree = "<group>";
		};
		2A99B2D02C88C3A70017F927 /* BrandService */ = {
			isa = PBXGroup;
			children = (
			);
			path = BrandService;
			sourceTree = "<group>";
		};
		2A99B2DF2C8B3EB40017F927 /* ModelView */ = {
			isa = PBXGroup;
			children = (
				2A99B2DA2C89215C0017F927 /* ProductViewModel.swift */,
			);
			path = ModelView;
			sourceTree = "<group>";
		};
/* End PBXGroup section */

/* Begin PBXNativeTarget section */
		2A62FAA42C889AB5009B1333 /* SallaPOC */ = {
			isa = PBXNativeTarget;
			buildConfigurationList = 2A62FAC92C889AB7009B1333 /* Build configuration list for PBXNativeTarget "SallaPOC" */;
			buildPhases = (
				2A62FAA12C889AB5009B1333 /* Sources */,
				2A62FAA22C889AB5009B1333 /* Frameworks */,
				2A62FAA32C889AB5009B1333 /* Resources */,
			);
			buildRules = (
			);
			dependencies = (
			);
			name = SallaPOC;
			packageProductDependencies = (
				2A99B2A22C88A03F0017F927 /* Alamofire */,
			);
			productName = SallaPOC;
			productReference = 2A62FAA52C889AB5009B1333 /* SallaPOC.app */;
			productType = "com.apple.product-type.application";
		};
		2A62FAB42C889AB7009B1333 /* SallaPOCTests */ = {
			isa = PBXNativeTarget;
			buildConfigurationList = 2A62FACC2C889AB7009B1333 /* Build configuration list for PBXNativeTarget "SallaPOCTests" */;
			buildPhases = (
				2A62FAB12C889AB7009B1333 /* Sources */,
				2A62FAB22C889AB7009B1333 /* Frameworks */,
				2A62FAB32C889AB7009B1333 /* Resources */,
			);
			buildRules = (
			);
			dependencies = (
				2A62FAB72C889AB7009B1333 /* PBXTargetDependency */,
			);
			name = SallaPOCTests;
			productName = SallaPOCTests;
			productReference = 2A62FAB52C889AB7009B1333 /* SallaPOCTests.xctest */;
			productType = "com.apple.product-type.bundle.unit-test";
		};
		2A62FABE2C889AB7009B1333 /* SallaPOCUITests */ = {
			isa = PBXNativeTarget;
			buildConfigurationList = 2A62FACF2C889AB7009B1333 /* Build configuration list for PBXNativeTarget "SallaPOCUITests" */;
			buildPhases = (
				2A62FABB2C889AB7009B1333 /* Sources */,
				2A62FABC2C889AB7009B1333 /* Frameworks */,
				2A62FABD2C889AB7009B1333 /* Resources */,
			);
			buildRules = (
			);
			dependencies = (
				2A62FAC12C889AB7009B1333 /* PBXTargetDependency */,
			);
			name = SallaPOCUITests;
			productName = SallaPOCUITests;
			productReference = 2A62FABF2C889AB7009B1333 /* SallaPOCUITests.xctest */;
			productType = "com.apple.product-type.bundle.ui-testing";
		};
/* End PBXNativeTarget section */

/* Begin PBXProject section */
		2A62FA9D2C889AB4009B1333 /* Project object */ = {
			isa = PBXProject;
			attributes = {
				BuildIndependentTargetsInParallel = 1;
				LastSwiftUpdateCheck = 1500;
				LastUpgradeCheck = 1500;
				TargetAttributes = {
					2A62FAA42C889AB5009B1333 = {
						CreatedOnToolsVersion = 15.0;
					};
					2A62FAB42C889AB7009B1333 = {
						CreatedOnToolsVersion = 15.0;
						TestTargetID = 2A62FAA42C889AB5009B1333;
					};
					2A62FABE2C889AB7009B1333 = {
						CreatedOnToolsVersion = 15.0;
						TestTargetID = 2A62FAA42C889AB5009B1333;
					};
				};
			};
			buildConfigurationList = 2A62FAA02C889AB4009B1333 /* Build configuration list for PBXProject "SallaPOC" */;
			compatibilityVersion = "Xcode 14.0";
			developmentRegion = en;
			hasScannedForEncodings = 0;
			knownRegions = (
				en,
				Base,
			);
			mainGroup = 2A62FA9C2C889AB4009B1333;
			packageReferences = (
				2A99B2A02C88A0090017F927 /* XCRemoteSwiftPackageReference "Alamofire" */,
			);
			productRefGroup = 2A62FAA62C889AB5009B1333 /* Products */;
			projectDirPath = "";
			projectRoot = "";
			targets = (
				2A62FAA42C889AB5009B1333 /* SallaPOC */,
				2A62FAB42C889AB7009B1333 /* SallaPOCTests */,
				2A62FABE2C889AB7009B1333 /* SallaPOCUITests */,
			);
		};
/* End PBXProject section */

/* Begin PBXResourcesBuildPhase section */
		2A62FAA32C889AB5009B1333 /* Resources */ = {
			isa = PBXResourcesBuildPhase;
			buildActionMask = 2147483647;
			files = (
				2A99B2B42C88ACD50017F927 /* Developers.json in Resources */,
				2A62FAB02C889AB7009B1333 /* Preview Assets.xcassets in Resources */,
				2A99B2B72C88ACD50017F927 /* Estedad-Medium.ttf in Resources */,
				2A99B2BA2C88ACD50017F927 /* DINNextLTArabic-Regular.ttf in Resources */,
				2A62FAAD2C889AB7009B1333 /* Assets.xcassets in Resources */,
			);
			runOnlyForDeploymentPostprocessing = 0;
		};
		2A62FAB32C889AB7009B1333 /* Resources */ = {
			isa = PBXResourcesBuildPhase;
			buildActionMask = 2147483647;
			files = (
				2A99B2B82C88ACD50017F927 /* Estedad-Medium.ttf in Resources */,
				2A99B2B52C88ACD50017F927 /* Developers.json in Resources */,
				2A99B2BB2C88ACD50017F927 /* DINNextLTArabic-Regular.ttf in Resources */,
			);
			runOnlyForDeploymentPostprocessing = 0;
		};
		2A62FABD2C889AB7009B1333 /* Resources */ = {
			isa = PBXResourcesBuildPhase;
			buildActionMask = 2147483647;
			files = (
				2A99B2B92C88ACD50017F927 /* Estedad-Medium.ttf in Resources */,
				2A99B2B62C88ACD50017F927 /* Developers.json in Resources */,
				2A99B2BC2C88ACD50017F927 /* DINNextLTArabic-Regular.ttf in Resources */,
			);
			runOnlyForDeploymentPostprocessing = 0;
		};
/* End PBXResourcesBuildPhase section */

/* Begin PBXSourcesBuildPhase section */
		2A62FAA12C889AB5009B1333 /* Sources */ = {
			isa = PBXSourcesBuildPhase;
			buildActionMask = 2147483647;
			files = (
				2A99B2AB2C88ABEE0017F927 /* BrandsImagesScrollView.swift in Sources */,
				2A99B2EA2C8BDD1E0017F927 /* NetworkError.swift in Sources */,
				2A99B2CD2C88C3610017F927 /* ProductOperations.swift in Sources */,
				2A99B2BE2C88AEEB0017F927 /* BrandsItemsSwiftUIView.swift in Sources */,
				2A99B2D72C891FA80017F927 /* BrandModel.swift in Sources */,
				2A99B2A52C88A0840017F927 /* NetworkManager.swift in Sources */,
				2A99B2DB2C89215C0017F927 /* ProductViewModel.swift in Sources */,
				2A62FAAB2C889AB5009B1333 /* ContentView.swift in Sources */,
				2A99B2C72C88B07C0017F927 /* ItemDetailsSwiftUIView.swift in Sources */,
				2A99B2A82C88AAE50017F927 /* BrandsSwiftUIView.swift in Sources */,
				2A99B2E52C8BBF3B0017F927 /* ColorExtension.swift in Sources */,
				2A99B2E12C8B3FBF0017F927 /* BundleFileManager.swift in Sources */,
				2A99B2D22C88C43F0017F927 /* SallaApi.swift in Sources */,
				2A99B2C32C88AF890017F927 /* ItemSwiftUIView.swift in Sources */,
				2A62FAA92C889AB5009B1333 /* SallaPOCApp.swift in Sources */,
				2A99B2AF2C88AC650017F927 /* BrandLogoSwiftUIView.swift in Sources */,
			);
			runOnlyForDeploymentPostprocessing = 0;
		};
		2A62FAB12C889AB7009B1333 /* Sources */ = {
			isa = PBXSourcesBuildPhase;
			buildActionMask = 2147483647;
			files = (
				2A99B2A62C88A0840017F927 /* NetworkManager.swift in Sources */,
				2A99B2CE2C88C3610017F927 /* ProductOperations.swift in Sources */,
				2A99B2C42C88AF890017F927 /* ItemSwiftUIView.swift in Sources */,
				2A99B2D82C891FA80017F927 /* BrandModel.swift in Sources */,
				2A99B2BF2C88AEEB0017F927 /* BrandsItemsSwiftUIView.swift in Sources */,
				2A99B2DC2C89215C0017F927 /* ProductViewModel.swift in Sources */,
				2A99B2D32C88C43F0017F927 /* SallaApi.swift in Sources */,
				2A99B2E22C8B3FBF0017F927 /* BundleFileManager.swift in Sources */,
				2A62FABA2C889AB7009B1333 /* SallaPOCTests.swift in Sources */,
				2A99B2EB2C8BDD1E0017F927 /* NetworkError.swift in Sources */,
				2A99B2E62C8BBF3B0017F927 /* ColorExtension.swift in Sources */,
				2A99B2C82C88B07C0017F927 /* ItemDetailsSwiftUIView.swift in Sources */,
			);
			runOnlyForDeploymentPostprocessing = 0;
		};
		2A62FABB2C889AB7009B1333 /* Sources */ = {
			isa = PBXSourcesBuildPhase;
			buildActionMask = 2147483647;
			files = (
				2A99B2D42C88C43F0017F927 /* SallaApi.swift in Sources */,
				2A99B2EC2C8BDD1E0017F927 /* NetworkError.swift in Sources */,
				2A99B2A92C88AAE50017F927 /* BrandsSwiftUIView.swift in Sources */,
				2A99B2CF2C88C3610017F927 /* ProductOperations.swift in Sources */,
				2A99B2D92C891FA80017F927 /* BrandModel.swift in Sources */,
				2A99B2C02C88AEEB0017F927 /* BrandsItemsSwiftUIView.swift in Sources */,
				2A99B2DD2C89215C0017F927 /* ProductViewModel.swift in Sources */,
				2A99B2D52C890B540017F927 /* NetworkManager.swift in Sources */,
				2A99B2C92C88B07C0017F927 /* ItemDetailsSwiftUIView.swift in Sources */,
				2A99B2B02C88AC650017F927 /* BrandLogoSwiftUIView.swift in Sources */,
				2A99B2E72C8BBF3B0017F927 /* ColorExtension.swift in Sources */,
				2A99B2E32C8B3FBF0017F927 /* BundleFileManager.swift in Sources */,
				2A99B2C52C88AF890017F927 /* ItemSwiftUIView.swift in Sources */,
				2A99B2AC2C88ABEE0017F927 /* BrandsImagesScrollView.swift in Sources */,
				2A62FAC62C889AB7009B1333 /* SallaPOCUITestsLaunchTests.swift in Sources */,
				2A62FAC42C889AB7009B1333 /* SallaPOCUITests.swift in Sources */,
			);
			runOnlyForDeploymentPostprocessing = 0;
		};
/* End PBXSourcesBuildPhase section */

/* Begin PBXTargetDependency section */
		2A62FAB72C889AB7009B1333 /* PBXTargetDependency */ = {
			isa = PBXTargetDependency;
			target = 2A62FAA42C889AB5009B1333 /* SallaPOC */;
			targetProxy = 2A62FAB62C889AB7009B1333 /* PBXContainerItemProxy */;
		};
		2A62FAC12C889AB7009B1333 /* PBXTargetDependency */ = {
			isa = PBXTargetDependency;
			target = 2A62FAA42C889AB5009B1333 /* SallaPOC */;
			targetProxy = 2A62FAC02C889AB7009B1333 /* PBXContainerItemProxy */;
		};
/* End PBXTargetDependency section */

/* Begin XCBuildConfiguration section */
		2A62FAC72C889AB7009B1333 /* Debug */ = {
			isa = XCBuildConfiguration;
			buildSettings = {
				ALWAYS_SEARCH_USER_PATHS = NO;
				ASSETCATALOG_COMPILER_GENERATE_SWIFT_ASSET_SYMBOL_EXTENSIONS = YES;
				CLANG_ANALYZER_NONNULL = YES;
				CLANG_ANALYZER_NUMBER_OBJECT_CONVERSION = YES_AGGRESSIVE;
				CLANG_CXX_LANGUAGE_STANDARD = "gnu++20";
				CLANG_ENABLE_MODULES = YES;
				CLANG_ENABLE_OBJC_ARC = YES;
				CLANG_ENABLE_OBJC_WEAK = YES;
				CLANG_WARN_BLOCK_CAPTURE_AUTORELEASING = YES;
				CLANG_WARN_BOOL_CONVERSION = YES;
				CLANG_WARN_COMMA = YES;
				CLANG_WARN_CONSTANT_CONVERSION = YES;
				CLANG_WARN_DEPRECATED_OBJC_IMPLEMENTATIONS = YES;
				CLANG_WARN_DIRECT_OBJC_ISA_USAGE = YES_ERROR;
				CLANG_WARN_DOCUMENTATION_COMMENTS = YES;
				CLANG_WARN_EMPTY_BODY = YES;
				CLANG_WARN_ENUM_CONVERSION = YES;
				CLANG_WARN_INFINITE_RECURSION = YES;
				CLANG_WARN_INT_CONVERSION = YES;
				CLANG_WARN_NON_LITERAL_NULL_CONVERSION = YES;
				CLANG_WARN_OBJC_IMPLICIT_RETAIN_SELF = YES;
				CLANG_WARN_OBJC_LITERAL_CONVERSION = YES;
				CLANG_WARN_OBJC_ROOT_CLASS = YES_ERROR;
				CLANG_WARN_QUOTED_INCLUDE_IN_FRAMEWORK_HEADER = YES;
				CLANG_WARN_RANGE_LOOP_ANALYSIS = YES;
				CLANG_WARN_STRICT_PROTOTYPES = YES;
				CLANG_WARN_SUSPICIOUS_MOVE = YES;
				CLANG_WARN_UNGUARDED_AVAILABILITY = YES_AGGRESSIVE;
				CLANG_WARN_UNREACHABLE_CODE = YES;
				CLANG_WARN__DUPLICATE_METHOD_MATCH = YES;
				COPY_PHASE_STRIP = NO;
				DEBUG_INFORMATION_FORMAT = dwarf;
				ENABLE_STRICT_OBJC_MSGSEND = YES;
				ENABLE_TESTABILITY = YES;
				ENABLE_USER_SCRIPT_SANDBOXING = YES;
				GCC_C_LANGUAGE_STANDARD = gnu17;
				GCC_DYNAMIC_NO_PIC = NO;
				GCC_NO_COMMON_BLOCKS = YES;
				GCC_OPTIMIZATION_LEVEL = 0;
				GCC_PREPROCESSOR_DEFINITIONS = (
					"DEBUG=1",
					"$(inherited)",
				);
				GCC_WARN_64_TO_32_BIT_CONVERSION = YES;
				GCC_WARN_ABOUT_RETURN_TYPE = YES_ERROR;
				GCC_WARN_UNDECLARED_SELECTOR = YES;
				GCC_WARN_UNINITIALIZED_AUTOS = YES_AGGRESSIVE;
				GCC_WARN_UNUSED_FUNCTION = YES;
				GCC_WARN_UNUSED_VARIABLE = YES;
				IPHONEOS_DEPLOYMENT_TARGET = 15.0;
				LOCALIZATION_PREFERS_STRING_CATALOGS = YES;
				MTL_ENABLE_DEBUG_INFO = INCLUDE_SOURCE;
				MTL_FAST_MATH = YES;
				ONLY_ACTIVE_ARCH = YES;
				SDKROOT = iphoneos;
				SWIFT_ACTIVE_COMPILATION_CONDITIONS = "DEBUG $(inherited)";
				SWIFT_OPTIMIZATION_LEVEL = "-Onone";
			};
			name = Debug;
		};
		2A62FAC82C889AB7009B1333 /* Release */ = {
			isa = XCBuildConfiguration;
			buildSettings = {
				ALWAYS_SEARCH_USER_PATHS = NO;
				ASSETCATALOG_COMPILER_GENERATE_SWIFT_ASSET_SYMBOL_EXTENSIONS = YES;
				CLANG_ANALYZER_NONNULL = YES;
				CLANG_ANALYZER_NUMBER_OBJECT_CONVERSION = YES_AGGRESSIVE;
				CLANG_CXX_LANGUAGE_STANDARD = "gnu++20";
				CLANG_ENABLE_MODULES = YES;
				CLANG_ENABLE_OBJC_ARC = YES;
				CLANG_ENABLE_OBJC_WEAK = YES;
				CLANG_WARN_BLOCK_CAPTURE_AUTORELEASING = YES;
				CLANG_WARN_BOOL_CONVERSION = YES;
				CLANG_WARN_COMMA = YES;
				CLANG_WARN_CONSTANT_CONVERSION = YES;
				CLANG_WARN_DEPRECATED_OBJC_IMPLEMENTATIONS = YES;
				CLANG_WARN_DIRECT_OBJC_ISA_USAGE = YES_ERROR;
				CLANG_WARN_DOCUMENTATION_COMMENTS = YES;
				CLANG_WARN_EMPTY_BODY = YES;
				CLANG_WARN_ENUM_CONVERSION = YES;
				CLANG_WARN_INFINITE_RECURSION = YES;
				CLANG_WARN_INT_CONVERSION = YES;
				CLANG_WARN_NON_LITERAL_NULL_CONVERSION = YES;
				CLANG_WARN_OBJC_IMPLICIT_RETAIN_SELF = YES;
				CLANG_WARN_OBJC_LITERAL_CONVERSION = YES;
				CLANG_WARN_OBJC_ROOT_CLASS = YES_ERROR;
				CLANG_WARN_QUOTED_INCLUDE_IN_FRAMEWORK_HEADER = YES;
				CLANG_WARN_RANGE_LOOP_ANALYSIS = YES;
				CLANG_WARN_STRICT_PROTOTYPES = YES;
				CLANG_WARN_SUSPICIOUS_MOVE = YES;
				CLANG_WARN_UNGUARDED_AVAILABILITY = YES_AGGRESSIVE;
				CLANG_WARN_UNREACHABLE_CODE = YES;
				CLANG_WARN__DUPLICATE_METHOD_MATCH = YES;
				COPY_PHASE_STRIP = NO;
				DEBUG_INFORMATION_FORMAT = "dwarf-with-dsym";
				ENABLE_NS_ASSERTIONS = NO;
				ENABLE_STRICT_OBJC_MSGSEND = YES;
				ENABLE_USER_SCRIPT_SANDBOXING = YES;
				GCC_C_LANGUAGE_STANDARD = gnu17;
				GCC_NO_COMMON_BLOCKS = YES;
				GCC_WARN_64_TO_32_BIT_CONVERSION = YES;
				GCC_WARN_ABOUT_RETURN_TYPE = YES_ERROR;
				GCC_WARN_UNDECLARED_SELECTOR = YES;
				GCC_WARN_UNINITIALIZED_AUTOS = YES_AGGRESSIVE;
				GCC_WARN_UNUSED_FUNCTION = YES;
				GCC_WARN_UNUSED_VARIABLE = YES;
				IPHONEOS_DEPLOYMENT_TARGET = 15.0;
				LOCALIZATION_PREFERS_STRING_CATALOGS = YES;
				MTL_ENABLE_DEBUG_INFO = NO;
				MTL_FAST_MATH = YES;
				SDKROOT = iphoneos;
				SWIFT_COMPILATION_MODE = wholemodule;
				VALIDATE_PRODUCT = YES;
			};
			name = Release;
		};
		2A62FACA2C889AB7009B1333 /* Debug */ = {
			isa = XCBuildConfiguration;
			buildSettings = {
				ASSETCATALOG_COMPILER_APPICON_NAME = AppIcon;
				ASSETCATALOG_COMPILER_GLOBAL_ACCENT_COLOR_NAME = AccentColor;
				CODE_SIGN_STYLE = Automatic;
				CURRENT_PROJECT_VERSION = 1;
				DEVELOPMENT_ASSET_PATHS = "\"SallaPOC/Preview Content\"";
				DEVELOPMENT_TEAM = 8BFMW5C6NE;
				ENABLE_PREVIEWS = YES;
				GENERATE_INFOPLIST_FILE = YES;
				INFOPLIST_FILE = SallaPOC/Info.plist;
				INFOPLIST_KEY_UIApplicationSceneManifest_Generation = YES;
				INFOPLIST_KEY_UIApplicationSupportsIndirectInputEvents = YES;
				INFOPLIST_KEY_UILaunchScreen_Generation = YES;
				INFOPLIST_KEY_UIRequiresFullScreen = NO;
				INFOPLIST_KEY_UISupportedInterfaceOrientations = "UIInterfaceOrientationPortrait UIInterfaceOrientationPortraitUpsideDown";
				INFOPLIST_KEY_UISupportedInterfaceOrientations_iPad = "UIInterfaceOrientationLandscapeLeft UIInterfaceOrientationLandscapeRight UIInterfaceOrientationPortrait UIInterfaceOrientationPortraitUpsideDown";
				LD_RUNPATH_SEARCH_PATHS = (
					"$(inherited)",
					"@executable_path/Frameworks",
				);
				MARKETING_VERSION = 1.0;
				PRODUCT_BUNDLE_IDENTIFIER = MohmmadKS.SallaPOC;
				PRODUCT_NAME = "$(TARGET_NAME)";
				SWIFT_EMIT_LOC_STRINGS = YES;
				SWIFT_VERSION = 5.0;
				TARGETED_DEVICE_FAMILY = "1,2";
			};
			name = Debug;
		};
		2A62FACB2C889AB7009B1333 /* Release */ = {
			isa = XCBuildConfiguration;
			buildSettings = {
				ASSETCATALOG_COMPILER_APPICON_NAME = AppIcon;
				ASSETCATALOG_COMPILER_GLOBAL_ACCENT_COLOR_NAME = AccentColor;
				CODE_SIGN_STYLE = Automatic;
				CURRENT_PROJECT_VERSION = 1;
				DEVELOPMENT_ASSET_PATHS = "\"SallaPOC/Preview Content\"";
				DEVELOPMENT_TEAM = 8BFMW5C6NE;
				ENABLE_PREVIEWS = YES;
				GENERATE_INFOPLIST_FILE = YES;
				INFOPLIST_FILE = SallaPOC/Info.plist;
				INFOPLIST_KEY_UIApplicationSceneManifest_Generation = YES;
				INFOPLIST_KEY_UIApplicationSupportsIndirectInputEvents = YES;
				INFOPLIST_KEY_UILaunchScreen_Generation = YES;
				INFOPLIST_KEY_UIRequiresFullScreen = NO;
				INFOPLIST_KEY_UISupportedInterfaceOrientations = "UIInterfaceOrientationPortrait UIInterfaceOrientationPortraitUpsideDown";
				INFOPLIST_KEY_UISupportedInterfaceOrientations_iPad = "UIInterfaceOrientationLandscapeLeft UIInterfaceOrientationLandscapeRight UIInterfaceOrientationPortrait UIInterfaceOrientationPortraitUpsideDown";
				LD_RUNPATH_SEARCH_PATHS = (
					"$(inherited)",
					"@executable_path/Frameworks",
				);
				MARKETING_VERSION = 1.0;
				PRODUCT_BUNDLE_IDENTIFIER = MohmmadKS.SallaPOC;
				PRODUCT_NAME = "$(TARGET_NAME)";
				SWIFT_EMIT_LOC_STRINGS = YES;
				SWIFT_VERSION = 5.0;
				TARGETED_DEVICE_FAMILY = "1,2";
			};
			name = Release;
		};
		2A62FACD2C889AB7009B1333 /* Debug */ = {
			isa = XCBuildConfiguration;
			buildSettings = {
				ALWAYS_EMBED_SWIFT_STANDARD_LIBRARIES = YES;
				BUNDLE_LOADER = "$(TEST_HOST)";
				CODE_SIGN_STYLE = Automatic;
				CURRENT_PROJECT_VERSION = 1;
				DEVELOPMENT_TEAM = 8BFMW5C6NE;
				GENERATE_INFOPLIST_FILE = YES;
				IPHONEOS_DEPLOYMENT_TARGET = 17.0;
				MARKETING_VERSION = 1.0;
				PRODUCT_BUNDLE_IDENTIFIER = MohmmadKS.SallaPOCTests;
				PRODUCT_NAME = "$(TARGET_NAME)";
				SWIFT_EMIT_LOC_STRINGS = NO;
				SWIFT_VERSION = 5.0;
				TARGETED_DEVICE_FAMILY = "1,2";
				TEST_HOST = "$(BUILT_PRODUCTS_DIR)/SallaPOC.app/$(BUNDLE_EXECUTABLE_FOLDER_PATH)/SallaPOC";
			};
			name = Debug;
		};
		2A62FACE2C889AB7009B1333 /* Release */ = {
			isa = XCBuildConfiguration;
			buildSettings = {
				ALWAYS_EMBED_SWIFT_STANDARD_LIBRARIES = YES;
				BUNDLE_LOADER = "$(TEST_HOST)";
				CODE_SIGN_STYLE = Automatic;
				CURRENT_PROJECT_VERSION = 1;
				DEVELOPMENT_TEAM = 8BFMW5C6NE;
				GENERATE_INFOPLIST_FILE = YES;
				IPHONEOS_DEPLOYMENT_TARGET = 17.0;
				MARKETING_VERSION = 1.0;
				PRODUCT_BUNDLE_IDENTIFIER = MohmmadKS.SallaPOCTests;
				PRODUCT_NAME = "$(TARGET_NAME)";
				SWIFT_EMIT_LOC_STRINGS = NO;
				SWIFT_VERSION = 5.0;
				TARGETED_DEVICE_FAMILY = "1,2";
				TEST_HOST = "$(BUILT_PRODUCTS_DIR)/SallaPOC.app/$(BUNDLE_EXECUTABLE_FOLDER_PATH)/SallaPOC";
			};
			name = Release;
		};
		2A62FAD02C889AB7009B1333 /* Debug */ = {
			isa = XCBuildConfiguration;
			buildSettings = {
				ALWAYS_EMBED_SWIFT_STANDARD_LIBRARIES = YES;
				CODE_SIGN_STYLE = Automatic;
				CURRENT_PROJECT_VERSION = 1;
				DEVELOPMENT_TEAM = 8BFMW5C6NE;
				GENERATE_INFOPLIST_FILE = YES;
				MARKETING_VERSION = 1.0;
				PRODUCT_BUNDLE_IDENTIFIER = MohmmadKS.SallaPOCUITests;
				PRODUCT_NAME = "$(TARGET_NAME)";
				SWIFT_EMIT_LOC_STRINGS = NO;
				SWIFT_VERSION = 5.0;
				TARGETED_DEVICE_FAMILY = "1,2";
				TEST_TARGET_NAME = SallaPOC;
			};
			name = Debug;
		};
		2A62FAD12C889AB7009B1333 /* Release */ = {
			isa = XCBuildConfiguration;
			buildSettings = {
				ALWAYS_EMBED_SWIFT_STANDARD_LIBRARIES = YES;
				CODE_SIGN_STYLE = Automatic;
				CURRENT_PROJECT_VERSION = 1;
				DEVELOPMENT_TEAM = 8BFMW5C6NE;
				GENERATE_INFOPLIST_FILE = YES;
				MARKETING_VERSION = 1.0;
				PRODUCT_BUNDLE_IDENTIFIER = MohmmadKS.SallaPOCUITests;
				PRODUCT_NAME = "$(TARGET_NAME)";
				SWIFT_EMIT_LOC_STRINGS = NO;
				SWIFT_VERSION = 5.0;
				TARGETED_DEVICE_FAMILY = "1,2";
				TEST_TARGET_NAME = SallaPOC;
			};
			name = Release;
		};
/* End XCBuildConfiguration section */

/* Begin XCConfigurationList section */
		2A62FAA02C889AB4009B1333 /* Build configuration list for PBXProject "SallaPOC" */ = {
			isa = XCConfigurationList;
			buildConfigurations = (
				2A62FAC72C889AB7009B1333 /* Debug */,
				2A62FAC82C889AB7009B1333 /* Release */,
			);
			defaultConfigurationIsVisible = 0;
			defaultConfigurationName = Release;
		};
		2A62FAC92C889AB7009B1333 /* Build configuration list for PBXNativeTarget "SallaPOC" */ = {
			isa = XCConfigurationList;
			buildConfigurations = (
				2A62FACA2C889AB7009B1333 /* Debug */,
				2A62FACB2C889AB7009B1333 /* Release */,
			);
			defaultConfigurationIsVisible = 0;
			defaultConfigurationName = Release;
		};
		2A62FACC2C889AB7009B1333 /* Build configuration list for PBXNativeTarget "SallaPOCTests" */ = {
			isa = XCConfigurationList;
			buildConfigurations = (
				2A62FACD2C889AB7009B1333 /* Debug */,
				2A62FACE2C889AB7009B1333 /* Release */,
			);
			defaultConfigurationIsVisible = 0;
			defaultConfigurationName = Release;
		};
		2A62FACF2C889AB7009B1333 /* Build configuration list for PBXNativeTarget "SallaPOCUITests" */ = {
			isa = XCConfigurationList;
			buildConfigurations = (
				2A62FAD02C889AB7009B1333 /* Debug */,
				2A62FAD12C889AB7009B1333 /* Release */,
			);
			defaultConfigurationIsVisible = 0;
			defaultConfigurationName = Release;
		};
/* End XCConfigurationList section */

/* Begin XCRemoteSwiftPackageReference section */
		2A99B2A02C88A0090017F927 /* XCRemoteSwiftPackageReference "Alamofire" */ = {
			isa = XCRemoteSwiftPackageReference;
			repositoryURL = "https://github.com/Alamofire/Alamofire.git";
			requirement = {
				kind = upToNextMajorVersion;
				minimumVersion = 5.9.1;
			};
		};
/* End XCRemoteSwiftPackageReference section */

/* Begin XCSwiftPackageProductDependency section */
		2A99B2A22C88A03F0017F927 /* Alamofire */ = {
			isa = XCSwiftPackageProductDependency;
			package = 2A99B2A02C88A0090017F927 /* XCRemoteSwiftPackageReference "Alamofire" */;
			productName = Alamofire;
		};
/* End XCSwiftPackageProductDependency section */
	};
	rootObject = 2A62FA9D2C889AB4009B1333 /* Project object */;
}
